
Microsoft Visual Studio Solution File, Format Version 12.00
Project("{FAE04EC0-301F-11D3-BF4B-00C04F79EFBC}") = "A01", "A01\A01.csproj", "{29DE861D-7B97-42CF-BB6E-C2FB5BEC5A6E}"
EndProject
Project("{FAE04EC0-301F-11D3-BF4B-00C04F79EFBC}") = "A01.Tests", "A01.Tests\A01.Tests.csproj", "{CF6641A9-B8FC-4C62-8BBF-075DBD1A70B5}"
EndProject
Global
	GlobalSection(SolutionConfigurationPlatforms) = preSolution
		Debug|Any CPU = Debug|Any CPU
		Release|Any CPU = Release|Any CPU
	EndGlobalSection
	GlobalSection(ProjectConfigurationPlatforms) = postSolution
		{29DE861D-7B97-42CF-BB6E-C2FB5BEC5A6E}.Debug|Any CPU.ActiveCfg = Debug|Any CPU
		{29DE861D-7B97-42CF-BB6E-C2FB5BEC5A6E}.Debug|Any CPU.Build.0 = Debug|Any CPU
		{29DE861D-7B97-42CF-BB6E-C2FB5BEC5A6E}.Release|Any CPU.ActiveCfg = Release|Any CPU
		{29DE861D-7B97-42CF-BB6E-C2FB5BEC5A6E}.Release|Any CPU.Build.0 = Release|Any CPU
		{CF6641A9-B8FC-4C62-8BBF-075DBD1A70B5}.Debug|Any CPU.ActiveCfg = Debug|Any CPU
		{CF6641A9-B8FC-4C62-8BBF-075DBD1A70B5}.Debug|Any CPU.Build.0 = Debug|Any CPU
		{CF6641A9-B8FC-4C62-8BBF-075DBD1A70B5}.Release|Any CPU.ActiveCfg = Release|Any CPU
		{CF6641A9-B8FC-4C62-8BBF-075DBD1A70B5}.Release|Any CPU.Build.0 = Release|Any CPU
	EndGlobalSection
EndGlobal
